// !$*UTF8*$!
{
	archiveVersion = 1;
	classes = {
	};
	objectVersion = 50;
	objects = {

/* Begin PBXBuildFile section */
		8752F0A324DAAC48007041EE /* AppDelegate.swift in Sources */ = {isa = PBXBuildFile; fileRef = 8752F0A224DAAC48007041EE /* AppDelegate.swift */; };
		8752F0A724DAAC48007041EE /* ViewController.swift in Sources */ = {isa = PBXBuildFile; fileRef = 8752F0A624DAAC48007041EE /* ViewController.swift */; };
		8752F0AA24DAAC48007041EE /* Main.storyboard in Resources */ = {isa = PBXBuildFile; fileRef = 8752F0A824DAAC48007041EE /* Main.storyboard */; };
		8752F0AD24DAAC48007041EE /* PayDay.xcdatamodeld in Sources */ = {isa = PBXBuildFile; fileRef = 8752F0AB24DAAC48007041EE /* PayDay.xcdatamodeld */; };
		8752F0AF24DAAC49007041EE /* Assets.xcassets in Resources */ = {isa = PBXBuildFile; fileRef = 8752F0AE24DAAC49007041EE /* Assets.xcassets */; };
		8752F0B224DAAC49007041EE /* LaunchScreen.storyboard in Resources */ = {isa = PBXBuildFile; fileRef = 8752F0B024DAAC49007041EE /* LaunchScreen.storyboard */; };
		8752F0BD24DAAC4A007041EE /* PayDayTests.swift in Sources */ = {isa = PBXBuildFile; fileRef = 8752F0BC24DAAC4A007041EE /* PayDayTests.swift */; };
/* End PBXBuildFile section */

/* Begin PBXContainerItemProxy section */
		8752F0B924DAAC4A007041EE /* PBXContainerItemProxy */ = {
			isa = PBXContainerItemProxy;
			containerPortal = 8752F09724DAAC48007041EE /* Project object */;
			proxyType = 1;
			remoteGlobalIDString = 8752F09E24DAAC48007041EE;
			remoteInfo = PayDay;
		};
/* End PBXContainerItemProxy section */

/* Begin PBXFileReference section */
		8752F09F24DAAC48007041EE /* PayDay.app */ = {isa = PBXFileReference; explicitFileType = wrapper.application; includeInIndex = 0; path = PayDay.app; sourceTree = BUILT_PRODUCTS_DIR; };
		8752F0A224DAAC48007041EE /* AppDelegate.swift */ = {isa = PBXFileReference; lastKnownFileType = sourcecode.swift; path = AppDelegate.swift; sourceTree = "<group>"; };
		8752F0A624DAAC48007041EE /* ViewController.swift */ = {isa = PBXFileReference; lastKnownFileType = sourcecode.swift; path = ViewController.swift; sourceTree = "<group>"; };
		8752F0A924DAAC48007041EE /* Base */ = {isa = PBXFileReference; lastKnownFileType = file.storyboard; name = Base; path = Base.lproj/Main.storyboard; sourceTree = "<group>"; };
		8752F0AC24DAAC48007041EE /* PayDay.xcdatamodel */ = {isa = PBXFileReference; lastKnownFileType = wrapper.xcdatamodel; path = PayDay.xcdatamodel; sourceTree = "<group>"; };
		8752F0AE24DAAC49007041EE /* Assets.xcassets */ = {isa = PBXFileReference; lastKnownFileType = folder.assetcatalog; path = Assets.xcassets; sourceTree = "<group>"; };
		8752F0B124DAAC49007041EE /* Base */ = {isa = PBXFileReference; lastKnownFileType = file.storyboard; name = Base; path = Base.lproj/LaunchScreen.storyboard; sourceTree = "<group>"; };
		8752F0B324DAAC49007041EE /* Info.plist */ = {isa = PBXFileReference; lastKnownFileType = text.plist.xml; path = Info.plist; sourceTree = "<group>"; };
		8752F0B824DAAC4A007041EE /* PayDayTests.xctest */ = {isa = PBXFileReference; explicitFileType = wrapper.cfbundle; includeInIndex = 0; path = PayDayTests.xctest; sourceTree = BUILT_PRODUCTS_DIR; };
		8752F0BC24DAAC4A007041EE /* PayDayTests.swift */ = {isa = PBXFileReference; lastKnownFileType = sourcecode.swift; path = PayDayTests.swift; sourceTree = "<group>"; };
		8752F0BE24DAAC4A007041EE /* Info.plist */ = {isa = PBXFileReference; lastKnownFileType = text.plist.xml; path = Info.plist; sourceTree = "<group>"; };
/* End PBXFileReference section */

/* Begin PBXFrameworksBuildPhase section */
		8752F09C24DAAC48007041EE /* Frameworks */ = {
			isa = PBXFrameworksBuildPhase;
			buildActionMask = 2147483647;
			files = (
			);
			runOnlyForDeploymentPostprocessing = 0;
		};
		8752F0B524DAAC4A007041EE /* Frameworks */ = {
			isa = PBXFrameworksBuildPhase;
			buildActionMask = 2147483647;
			files = (
			);
			runOnlyForDeploymentPostprocessing = 0;
		};
/* End PBXFrameworksBuildPhase section */

/* Begin PBXGroup section */
		8752F09624DAAC48007041EE = {
			isa = PBXGroup;
			children = (
				8752F0A124DAAC48007041EE /* PayDay */,
				8752F0BB24DAAC4A007041EE /* PayDayTests */,
				8752F0A024DAAC48007041EE /* Products */,
			);
			sourceTree = "<group>";
		};
		8752F0A024DAAC48007041EE /* Products */ = {
			isa = PBXGroup;
			children = (
				8752F09F24DAAC48007041EE /* PayDay.app */,
				8752F0B824DAAC4A007041EE /* PayDayTests.xctest */,
			);
			name = Products;
			sourceTree = "<group>";
		};
		8752F0A124DAAC48007041EE /* PayDay */ = {
			isa = PBXGroup;
			children = (
				8752F0A224DAAC48007041EE /* AppDelegate.swift */,
				8752F0A624DAAC48007041EE /* ViewController.swift */,
				8752F0A824DAAC48007041EE /* Main.storyboard */,
				8752F0AE24DAAC49007041EE /* Assets.xcassets */,
				8752F0B024DAAC49007041EE /* LaunchScreen.storyboard */,
				8752F0B324DAAC49007041EE /* Info.plist */,
				8752F0AB24DAAC48007041EE /* PayDay.xcdatamodeld */,
			);
			path = PayDay;
			sourceTree = "<group>";
		};
		8752F0BB24DAAC4A007041EE /* PayDayTests */ = {
			isa = PBXGroup;
			children = (
				8752F0BC24DAAC4A007041EE /* PayDayTests.swift */,
				8752F0BE24DAAC4A007041EE /* Info.plist */,
			);
			path = PayDayTests;
			sourceTree = "<group>";
		};
/* End PBXGroup section */

/* Begin PBXNativeTarget section */
		8752F09E24DAAC48007041EE /* PayDay */ = {
			isa = PBXNativeTarget;
			buildConfigurationList = 8752F0C124DAAC4A007041EE /* Build configuration list for PBXNativeTarget "PayDay" */;
			buildPhases = (
				8752F09B24DAAC48007041EE /* Sources */,
				8752F09C24DAAC48007041EE /* Frameworks */,
				8752F09D24DAAC48007041EE /* Resources */,
			);
			buildRules = (
			);
			dependencies = (
			);
			name = PayDay;
			productName = PayDay;
			productReference = 8752F09F24DAAC48007041EE /* PayDay.app */;
			productType = "com.apple.product-type.application";
		};
		8752F0B724DAAC4A007041EE /* PayDayTests */ = {
			isa = PBXNativeTarget;
			buildConfigurationList = 8752F0C424DAAC4A007041EE /* Build configuration list for PBXNativeTarget "PayDayTests" */;
			buildPhases = (
				8752F0B424DAAC4A007041EE /* Sources */,
				8752F0B524DAAC4A007041EE /* Frameworks */,
				8752F0B624DAAC4A007041EE /* Resources */,
			);
			buildRules = (
			);
			dependencies = (
				8752F0BA24DAAC4A007041EE /* PBXTargetDependency */,
			);
			name = PayDayTests;
			productName = PayDayTests;
			productReference = 8752F0B824DAAC4A007041EE /* PayDayTests.xctest */;
			productType = "com.apple.product-type.bundle.unit-test";
		};
/* End PBXNativeTarget section */

/* Begin PBXProject section */
		8752F09724DAAC48007041EE /* Project object */ = {
			isa = PBXProject;
			attributes = {
				LastSwiftUpdateCheck = 1120;
				LastUpgradeCheck = 1120;
				ORGANIZATIONNAME = "Sapa Denys";
				TargetAttributes = {
					8752F09E24DAAC48007041EE = {
						CreatedOnToolsVersion = 11.2.1;
					};
					8752F0B724DAAC4A007041EE = {
						CreatedOnToolsVersion = 11.2.1;
						TestTargetID = 8752F09E24DAAC48007041EE;
					};
				};
			};
			buildConfigurationList = 8752F09A24DAAC48007041EE /* Build configuration list for PBXProject "PayDay" */;
			compatibilityVersion = "Xcode 9.3";
			developmentRegion = en;
			hasScannedForEncodings = 0;
			knownRegions = (
				en,
				Base,
			);
			mainGroup = 8752F09624DAAC48007041EE;
			productRefGroup = 8752F0A024DAAC48007041EE /* Products */;
			projectDirPath = "";
			projectRoot = "";
			targets = (
				8752F09E24DAAC48007041EE /* PayDay */,
				8752F0B724DAAC4A007041EE /* PayDayTests */,
			);
		};
/* End PBXProject section */

/* Begin PBXResourcesBuildPhase section */
		8752F09D24DAAC48007041EE /* Resources */ = {
			isa = PBXResourcesBuildPhase;
			buildActionMask = 2147483647;
			files = (
				8752F0B224DAAC49007041EE /* LaunchScreen.storyboard in Resources */,
				8752F0AF24DAAC49007041EE /* Assets.xcassets in Resources */,
				8752F0AA24DAAC48007041EE /* Main.storyboard in Resources */,
			);
			runOnlyForDeploymentPostprocessing = 0;
		};
		8752F0B624DAAC4A007041EE /* Resources */ = {
			isa = PBXResourcesBuildPhase;
			buildActionMask = 2147483647;
			files = (
			);
			runOnlyForDeploymentPostprocessing = 0;
		};
/* End PBXResourcesBuildPhase section */

/* Begin PBXSourcesBuildPhase section */
		8752F09B24DAAC48007041EE /* Sources */ = {
			isa = PBXSourcesBuildPhase;
			buildActionMask = 2147483647;
			files = (
				8752F0A724DAAC48007041EE /* ViewController.swift in Sources */,
				8752F0A324DAAC48007041EE /* AppDelegate.swift in Sources */,
				8752F0AD24DAAC48007041EE /* PayDay.xcdatamodeld in Sources */,
			);
			runOnlyForDeploymentPostprocessing = 0;
		};
		8752F0B424DAAC4A007041EE /* Sources */ = {
			isa = PBXSourcesBuildPhase;
			buildActionMask = 2147483647;
			files = (
				8752F0BD24DAAC4A007041EE /* PayDayTests.swift in Sources */,
			);
			runOnlyForDeploymentPostprocessing = 0;
		};
/* End PBXSourcesBuildPhase section */

/* Begin PBXTargetDependency section */
		8752F0BA24DAAC4A007041EE /* PBXTargetDependency */ = {
			isa = PBXTargetDependency;
			target = 8752F09E24DAAC48007041EE /* PayDay */;
			targetProxy = 8752F0B924DAAC4A007041EE /* PBXContainerItemProxy */;
		};
/* End PBXTargetDependency section */

/* Begin PBXVariantGroup section */
		8752F0A824DAAC48007041EE /* Main.storyboard */ = {
			isa = PBXVariantGroup;
			children = (
				8752F0A924DAAC48007041EE /* Base */,
			);
			name = Main.storyboard;
			sourceTree = "<group>";
		};
		8752F0B024DAAC49007041EE /* LaunchScreen.storyboard */ = {
			isa = PBXVariantGroup;
			children = (
				8752F0B124DAAC49007041EE /* Base */,
			);
			name = LaunchScreen.storyboard;
			sourceTree = "<group>";
		};
/* End PBXVariantGroup section */

/* Begin XCBuildConfiguration section */
		8752F0BF24DAAC4A007041EE /* Debug */ = {
			isa = XCBuildConfiguration;
			buildSettings = {
				ALWAYS_SEARCH_USER_PATHS = NO;
				CLANG_ANALYZER_NONNULL = YES;
				CLANG_ANALYZER_NUMBER_OBJECT_CONVERSION = YES_AGGRESSIVE;
				CLANG_CXX_LANGUAGE_STANDARD = "gnu++14";
				CLANG_CXX_LIBRARY = "libc++";
				CLANG_ENABLE_MODULES = YES;
				CLANG_ENABLE_OBJC_ARC = YES;
				CLANG_ENABLE_OBJC_WEAK = YES;
				CLANG_WARN_BLOCK_CAPTURE_AUTORELEASING = YES;
				CLANG_WARN_BOOL_CONVERSION = YES;
				CLANG_WARN_COMMA = YES;
				CLANG_WARN_CONSTANT_CONVERSION = YES;
				CLANG_WARN_DEPRECATED_OBJC_IMPLEMENTATIONS = YES;
				CLANG_WARN_DIRECT_OBJC_ISA_USAGE = YES_ERROR;
				CLANG_WARN_DOCUMENTATION_COMMENTS = YES;
				CLANG_WARN_EMPTY_BODY = YES;
				CLANG_WARN_ENUM_CONVERSION = YES;
				CLANG_WARN_INFINITE_RECURSION = YES;
				CLANG_WARN_INT_CONVERSION = YES;
				CLANG_WARN_NON_LITERAL_NULL_CONVERSION = YES;
				CLANG_WARN_OBJC_IMPLICIT_RETAIN_SELF = YES;
				CLANG_WARN_OBJC_LITERAL_CONVERSION = YES;
				CLANG_WARN_OBJC_ROOT_CLASS = YES_ERROR;
				CLANG_WARN_RANGE_LOOP_ANALYSIS = YES;
				CLANG_WARN_STRICT_PROTOTYPES = YES;
				CLANG_WARN_SUSPICIOUS_MOVE = YES;
				CLANG_WARN_UNGUARDED_AVAILABILITY = YES_AGGRESSIVE;
				CLANG_WARN_UNREACHABLE_CODE = YES;
				CLANG_WARN__DUPLICATE_METHOD_MATCH = YES;
				COPY_PHASE_STRIP = NO;
				DEBUG_INFORMATION_FORMAT = dwarf;
				ENABLE_STRICT_OBJC_MSGSEND = YES;
				ENABLE_TESTABILITY = YES;
				GCC_C_LANGUAGE_STANDARD = gnu11;
				GCC_DYNAMIC_NO_PIC = NO;
				GCC_NO_COMMON_BLOCKS = YES;
				GCC_OPTIMIZATION_LEVEL = 0;
				GCC_PREPROCESSOR_DEFINITIONS = (
					"DEBUG=1",
					"$(inherited)",
				);
				GCC_WARN_64_TO_32_BIT_CONVERSION = YES;
				GCC_WARN_ABOUT_RETURN_TYPE = YES_ERROR;
				GCC_WARN_UNDECLARED_SELECTOR = YES;
				GCC_WARN_UNINITIALIZED_AUTOS = YES_AGGRESSIVE;
				GCC_WARN_UNUSED_FUNCTION = YES;
				GCC_WARN_UNUSED_VARIABLE = YES;
				IPHONEOS_DEPLOYMENT_TARGET = 13.2;
				MTL_ENABLE_DEBUG_INFO = INCLUDE_SOURCE;
				MTL_FAST_MATH = YES;
				ONLY_ACTIVE_ARCH = YES;
				SDKROOT = iphoneos;
				SWIFT_ACTIVE_COMPILATION_CONDITIONS = DEBUG;
				SWIFT_OPTIMIZATION_LEVEL = "-Onone";
			};
			name = Debug;
		};
		8752F0C024DAAC4A007041EE /* Release */ = {
			isa = XCBuildConfiguration;
			buildSettings = {
				ALWAYS_SEARCH_USER_PATHS = NO;
				CLANG_ANALYZER_NONNULL = YES;
				CLANG_ANALYZER_NUMBER_OBJECT_CONVERSION = YES_AGGRESSIVE;
				CLANG_CXX_LANGUAGE_STANDARD = "gnu++14";
				CLANG_CXX_LIBRARY = "libc++";
				CLANG_ENABLE_MODULES = YES;
				CLANG_ENABLE_OBJC_ARC = YES;
				CLANG_ENABLE_OBJC_WEAK = YES;
				CLANG_WARN_BLOCK_CAPTURE_AUTORELEASING = YES;
				CLANG_WARN_BOOL_CONVERSION = YES;
				CLANG_WARN_COMMA = YES;
				CLANG_WARN_CONSTANT_CONVERSION = YES;
				CLANG_WARN_DEPRECATED_OBJC_IMPLEMENTATIONS = YES;
				CLANG_WARN_DIRECT_OBJC_ISA_USAGE = YES_ERROR;
				CLANG_WARN_DOCUMENTATION_COMMENTS = YES;
				CLANG_WARN_EMPTY_BODY = YES;
				CLANG_WARN_ENUM_CONVERSION = YES;
				CLANG_WARN_INFINITE_RECURSION = YES;
				CLANG_WARN_INT_CONVERSION = YES;
				CLANG_WARN_NON_LITERAL_NULL_CONVERSION = YES;
				CLANG_WARN_OBJC_IMPLICIT_RETAIN_SELF = YES;
				CLANG_WARN_OBJC_LITERAL_CONVERSION = YES;
				CLANG_WARN_OBJC_ROOT_CLASS = YES_ERROR;
				CLANG_WARN_RANGE_LOOP_ANALYSIS = YES;
				CLANG_WARN_STRICT_PROTOTYPES = YES;
				CLANG_WARN_SUSPICIOUS_MOVE = YES;
				CLANG_WARN_UNGUARDED_AVAILABILITY = YES_AGGRESSIVE;
				CLANG_WARN_UNREACHABLE_CODE = YES;
				CLANG_WARN__DUPLICATE_METHOD_MATCH = YES;
				COPY_PHASE_STRIP = NO;
				DEBUG_INFORMATION_FORMAT = "dwarf-with-dsym";
				ENABLE_NS_ASSERTIONS = NO;
				ENABLE_STRICT_OBJC_MSGSEND = YES;
				GCC_C_LANGUAGE_STANDARD = gnu11;
				GCC_NO_COMMON_BLOCKS = YES;
				GCC_WARN_64_TO_32_BIT_CONVERSION = YES;
				GCC_WARN_ABOUT_RETURN_TYPE = YES_ERROR;
				GCC_WARN_UNDECLARED_SELECTOR = YES;
				GCC_WARN_UNINITIALIZED_AUTOS = YES_AGGRESSIVE;
				GCC_WARN_UNUSED_FUNCTION = YES;
				GCC_WARN_UNUSED_VARIABLE = YES;
				IPHONEOS_DEPLOYMENT_TARGET = 13.2;
				MTL_ENABLE_DEBUG_INFO = NO;
				MTL_FAST_MATH = YES;
				SDKROOT = iphoneos;
				SWIFT_COMPILATION_MODE = wholemodule;
				SWIFT_OPTIMIZATION_LEVEL = "-O";
				VALIDATE_PRODUCT = YES;
			};
			name = Release;
		};
		8752F0C224DAAC4A007041EE /* Debug */ = {
			isa = XCBuildConfiguration;
			buildSettings = {
				ASSETCATALOG_COMPILER_APPICON_NAME = AppIcon;
				CODE_SIGN_STYLE = Automatic;
				INFOPLIST_FILE = PayDay/Info.plist;
				IPHONEOS_DEPLOYMENT_TARGET = 12.0;
				LD_RUNPATH_SEARCH_PATHS = (
					"$(inherited)",
					"@executable_path/Frameworks",
				);
				PRODUCT_BUNDLE_IDENTIFIER = test.PayDay;
				PRODUCT_NAME = "$(TARGET_NAME)";
				SWIFT_VERSION = 5.0;
				TARGETED_DEVICE_FAMILY = 1;
			};
			name = Debug;
		};
		8752F0C324DAAC4A007041EE /* Release */ = {
			isa = XCBuildConfiguration;
			buildSettings = {
				ASSETCATALOG_COMPILER_APPICON_NAME = AppIcon;
				CODE_SIGN_STYLE = Automatic;
				INFOPLIST_FILE = PayDay/Info.plist;
				IPHONEOS_DEPLOYMENT_TARGET = 12.0;
				LD_RUNPATH_SEARCH_PATHS = (
					"$(inherited)",
					"@executable_path/Frameworks",
				);
				PRODUCT_BUNDLE_IDENTIFIER = test.PayDay;
				PRODUCT_NAME = "$(TARGET_NAME)";
				SWIFT_VERSION = 5.0;
				TARGETED_DEVICE_FAMILY = 1;
			};
			name = Release;
		};
		8752F0C524DAAC4A007041EE /* Debug */ = {
			isa = XCBuildConfiguration;
			buildSettings = {
				ALWAYS_EMBED_SWIFT_STANDARD_LIBRARIES = YES;
				BUNDLE_LOADER = "$(TEST_HOST)";
				CODE_SIGN_STYLE = Automatic;
				INFOPLIST_FILE = PayDayTests/Info.plist;
				IPHONEOS_DEPLOYMENT_TARGET = 13.2;
				LD_RUNPATH_SEARCH_PATHS = (
					"$(inherited)",
					"@executable_path/Frameworks",
					"@loader_path/Frameworks",
				);
				PRODUCT_BUNDLE_IDENTIFIER = test.PayDayTests;
				PRODUCT_NAME = "$(TARGET_NAME)";
				SWIFT_VERSION = 5.0;
				TARGETED_DEVICE_FAMILY = "1,2";
				TEST_HOST = "$(BUILT_PRODUCTS_DIR)/PayDay.app/PayDay";
			};
			name = Debug;
		};
		8752F0C624DAAC4A007041EE /* Release */ = {
			isa = XCBuildConfiguration;
			buildSettings = {
				ALWAYS_EMBED_SWIFT_STANDARD_LIBRARIES = YES;
				BUNDLE_LOADER = "$(TEST_HOST)";
				CODE_SIGN_STYLE = Automatic;
				INFOPLIST_FILE = PayDayTests/Info.plist;
				IPHONEOS_DEPLOYMENT_TARGET = 13.2;
				LD_RUNPATH_SEARCH_PATHS = (
					"$(inherited)",
					"@executable_path/Frameworks",
					"@loader_path/Frameworks",
				);
				PRODUCT_BUNDLE_IDENTIFIER = test.PayDayTests;
				PRODUCT_NAME = "$(TARGET_NAME)";
				SWIFT_VERSION = 5.0;
				TARGETED_DEVICE_FAMILY = "1,2";
				TEST_HOST = "$(BUILT_PRODUCTS_DIR)/PayDay.app/PayDay";
			};
			name = Release;
		};
/* End XCBuildConfiguration section */

/* Begin XCConfigurationList section */
		8752F09A24DAAC48007041EE /* Build configuration list for PBXProject "PayDay" */ = {
			isa = XCConfigurationList;
			buildConfigurations = (
				8752F0BF24DAAC4A007041EE /* Debug */,
				8752F0C024DAAC4A007041EE /* Release */,
			);
			defaultConfigurationIsVisible = 0;
			defaultConfigurationName = Release;
		};
		8752F0C124DAAC4A007041EE /* Build configuration list for PBXNativeTarget "PayDay" */ = {
			isa = XCConfigurationList;
			buildConfigurations = (
				8752F0C224DAAC4A007041EE /* Debug */,
				8752F0C324DAAC4A007041EE /* Release */,
			);
			defaultConfigurationIsVisible = 0;
			defaultConfigurationName = Release;
		};
		8752F0C424DAAC4A007041EE /* Build configuration list for PBXNativeTarget "PayDayTests" */ = {
			isa = XCConfigurationList;
			buildConfigurations = (
				8752F0C524DAAC4A007041EE /* Debug */,
				8752F0C624DAAC4A007041EE /* Release */,
			);
			defaultConfigurationIsVisible = 0;
			defaultConfigurationName = Release;
		};
/* End XCConfigurationList section */

/* Begin XCVersionGroup section */
		8752F0AB24DAAC48007041EE /* PayDay.xcdatamodeld */ = {
			isa = XCVersionGroup;
			children = (
				8752F0AC24DAAC48007041EE /* PayDay.xcdatamodel */,
			);
			currentVersion = 8752F0AC24DAAC48007041EE /* PayDay.xcdatamodel */;
			path = PayDay.xcdatamodeld;
			sourceTree = "<group>";
			versionGroupType = wrapper.xcdatamodel;
		};
/* End XCVersionGroup section */
	};
	rootObject = 8752F09724DAAC48007041EE /* Project object */;
}
